// !$*UTF8*$!
{
	archiveVersion = 1;
	classes = {
	};
	objectVersion = 56;
	objects = {

/* Begin PBXBuildFile section */
		56B44D7B2C2D4DE300D8651B /* AppDelegate.swift in Sources */ = {isa = PBXBuildFile; fileRef = 56B44D7A2C2D4DE300D8651B /* AppDelegate.swift */; };
		56B44D7D2C2D4DE300D8651B /* SceneDelegate.swift in Sources */ = {isa = PBXBuildFile; fileRef = 56B44D7C2C2D4DE300D8651B /* SceneDelegate.swift */; };
		56B44D842C2D4DE500D8651B /* Assets.xcassets in Resources */ = {isa = PBXBuildFile; fileRef = 56B44D832C2D4DE500D8651B /* Assets.xcassets */; };
		56B44D872C2D4DE500D8651B /* Base in Resources */ = {isa = PBXBuildFile; fileRef = 56B44D862C2D4DE500D8651B /* Base */; };
		56B44D952C2D71F200D8651B /* MainTabbarView.swift in Sources */ = {isa = PBXBuildFile; fileRef = 56B44D942C2D71F200D8651B /* MainTabbarView.swift */; };
		56B44D972C2D723100D8651B /* MainTabbarView.storyboard in Resources */ = {isa = PBXBuildFile; fileRef = 56B44D962C2D723100D8651B /* MainTabbarView.storyboard */; };
		56B44DB92C2E93F200D8651B /* SplashView.xib in Resources */ = {isa = PBXBuildFile; fileRef = 56B44DB82C2E93F200D8651B /* SplashView.xib */; };
		56B44DBA2C2E93F200D8651B /* SplashView.swift in Sources */ = {isa = PBXBuildFile; fileRef = 56B44DB72C2E93F200D8651B /* SplashView.swift */; };
		56B44DBC2C2E9CCF00D8651B /* MainTabbarRouter.swift in Sources */ = {isa = PBXBuildFile; fileRef = 56B44DBB2C2E9CCF00D8651B /* MainTabbarRouter.swift */; };
		56B44DBE2C2E9CE000D8651B /* MainTabbarPresenter.swift in Sources */ = {isa = PBXBuildFile; fileRef = 56B44DBD2C2E9CE000D8651B /* MainTabbarPresenter.swift */; };
		56B44DC22C2E9D0B00D8651B /* BasePresenter.swift in Sources */ = {isa = PBXBuildFile; fileRef = 56B44DC12C2E9D0B00D8651B /* BasePresenter.swift */; };
		56B44DC42C2E9D1B00D8651B /* BaseRouter.swift in Sources */ = {isa = PBXBuildFile; fileRef = 56B44DC32C2E9D1B00D8651B /* BaseRouter.swift */; };
		56B44DC62C2E9D2800D8651B /* BaseViewController.swift in Sources */ = {isa = PBXBuildFile; fileRef = 56B44DC52C2E9D2800D8651B /* BaseViewController.swift */; };
		56B44DC82C2E9DC500D8651B /* MainTabbarInteractor.swift in Sources */ = {isa = PBXBuildFile; fileRef = 56B44DC72C2E9DC500D8651B /* MainTabbarInteractor.swift */; };
		56B44DCA2C2E9DD400D8651B /* BaseInteractor.swift in Sources */ = {isa = PBXBuildFile; fileRef = 56B44DC92C2E9DD400D8651B /* BaseInteractor.swift */; };
		56B44DD02C2EA5BB00D8651B /* FirebaseAuth in Frameworks */ = {isa = PBXBuildFile; productRef = 56B44DCF2C2EA5BB00D8651B /* FirebaseAuth */; };
		56B44DD22C2EA5E500D8651B /* FirebaseStorage in Frameworks */ = {isa = PBXBuildFile; productRef = 56B44DD12C2EA5E500D8651B /* FirebaseStorage */; };
		56B44DD42C2EA5ED00D8651B /* FirebaseFirestore in Frameworks */ = {isa = PBXBuildFile; productRef = 56B44DD32C2EA5ED00D8651B /* FirebaseFirestore */; };
		56B44DD62C2EA5F300D8651B /* FirebaseFirestoreSwift in Frameworks */ = {isa = PBXBuildFile; productRef = 56B44DD52C2EA5F300D8651B /* FirebaseFirestoreSwift */; };
		56B44DE42C2EBDB000D8651B /* GoogleService-Info.plist in Resources */ = {isa = PBXBuildFile; fileRef = 56B44DE32C2EBDB000D8651B /* GoogleService-Info.plist */; };
		8096E788D3F4B08D1EDDE789 /* Pods_andon.framework in Frameworks */ = {isa = PBXBuildFile; fileRef = B5EDBE4BE539BFE56B3BD66F /* Pods_andon.framework */; };
/* End PBXBuildFile section */

/* Begin PBXFileReference section */
		41041F4410F739033121446F /* Pods-andon.debug.xcconfig */ = {isa = PBXFileReference; includeInIndex = 1; lastKnownFileType = text.xcconfig; name = "Pods-andon.debug.xcconfig"; path = "Target Support Files/Pods-andon/Pods-andon.debug.xcconfig"; sourceTree = "<group>"; };
		56B44D772C2D4DE300D8651B /* andon.app */ = {isa = PBXFileReference; explicitFileType = wrapper.application; includeInIndex = 0; path = andon.app; sourceTree = BUILT_PRODUCTS_DIR; };
		56B44D7A2C2D4DE300D8651B /* AppDelegate.swift */ = {isa = PBXFileReference; lastKnownFileType = sourcecode.swift; path = AppDelegate.swift; sourceTree = "<group>"; };
		56B44D7C2C2D4DE300D8651B /* SceneDelegate.swift */ = {isa = PBXFileReference; lastKnownFileType = sourcecode.swift; path = SceneDelegate.swift; sourceTree = "<group>"; };
		56B44D832C2D4DE500D8651B /* Assets.xcassets */ = {isa = PBXFileReference; lastKnownFileType = folder.assetcatalog; path = Assets.xcassets; sourceTree = "<group>"; };
		56B44D862C2D4DE500D8651B /* Base */ = {isa = PBXFileReference; lastKnownFileType = file.storyboard; name = Base; path = Base.lproj/LaunchScreen.storyboard; sourceTree = "<group>"; };
		56B44D882C2D4DE500D8651B /* Info.plist */ = {isa = PBXFileReference; lastKnownFileType = text.plist.xml; path = Info.plist; sourceTree = "<group>"; };
		56B44D942C2D71F200D8651B /* MainTabbarView.swift */ = {isa = PBXFileReference; lastKnownFileType = sourcecode.swift; path = MainTabbarView.swift; sourceTree = "<group>"; };
		56B44D962C2D723100D8651B /* MainTabbarView.storyboard */ = {isa = PBXFileReference; lastKnownFileType = file.storyboard; path = MainTabbarView.storyboard; sourceTree = "<group>"; };
		56B44DB72C2E93F200D8651B /* SplashView.swift */ = {isa = PBXFileReference; lastKnownFileType = sourcecode.swift; path = SplashView.swift; sourceTree = "<group>"; };
		56B44DB82C2E93F200D8651B /* SplashView.xib */ = {isa = PBXFileReference; lastKnownFileType = file.xib; path = SplashView.xib; sourceTree = "<group>"; };
		56B44DBB2C2E9CCF00D8651B /* MainTabbarRouter.swift */ = {isa = PBXFileReference; lastKnownFileType = sourcecode.swift; path = MainTabbarRouter.swift; sourceTree = "<group>"; };
		56B44DBD2C2E9CE000D8651B /* MainTabbarPresenter.swift */ = {isa = PBXFileReference; lastKnownFileType = sourcecode.swift; path = MainTabbarPresenter.swift; sourceTree = "<group>"; };
		56B44DC12C2E9D0B00D8651B /* BasePresenter.swift */ = {isa = PBXFileReference; lastKnownFileType = sourcecode.swift; path = BasePresenter.swift; sourceTree = "<group>"; };
		56B44DC32C2E9D1B00D8651B /* BaseRouter.swift */ = {isa = PBXFileReference; lastKnownFileType = sourcecode.swift; path = BaseRouter.swift; sourceTree = "<group>"; };
		56B44DC52C2E9D2800D8651B /* BaseViewController.swift */ = {isa = PBXFileReference; lastKnownFileType = sourcecode.swift; path = BaseViewController.swift; sourceTree = "<group>"; };
		56B44DC72C2E9DC500D8651B /* MainTabbarInteractor.swift */ = {isa = PBXFileReference; lastKnownFileType = sourcecode.swift; path = MainTabbarInteractor.swift; sourceTree = "<group>"; };
		56B44DC92C2E9DD400D8651B /* BaseInteractor.swift */ = {isa = PBXFileReference; lastKnownFileType = sourcecode.swift; path = BaseInteractor.swift; sourceTree = "<group>"; };
		56B44DE32C2EBDB000D8651B /* GoogleService-Info.plist */ = {isa = PBXFileReference; fileEncoding = 4; lastKnownFileType = text.plist.xml; path = "GoogleService-Info.plist"; sourceTree = "<group>"; };
		67483F5C925035056490B57E /* Pods-andon.release.xcconfig */ = {isa = PBXFileReference; includeInIndex = 1; lastKnownFileType = text.xcconfig; name = "Pods-andon.release.xcconfig"; path = "Target Support Files/Pods-andon/Pods-andon.release.xcconfig"; sourceTree = "<group>"; };
		B5EDBE4BE539BFE56B3BD66F /* Pods_andon.framework */ = {isa = PBXFileReference; explicitFileType = wrapper.framework; includeInIndex = 0; path = Pods_andon.framework; sourceTree = BUILT_PRODUCTS_DIR; };
/* End PBXFileReference section */

/* Begin PBXFrameworksBuildPhase section */
		56B44D742C2D4DE300D8651B /* Frameworks */ = {
			isa = PBXFrameworksBuildPhase;
			buildActionMask = 2147483647;
			files = (
				56B44DD02C2EA5BB00D8651B /* FirebaseAuth in Frameworks */,
				56B44DD22C2EA5E500D8651B /* FirebaseStorage in Frameworks */,
				56B44DD42C2EA5ED00D8651B /* FirebaseFirestore in Frameworks */,
				56B44DD62C2EA5F300D8651B /* FirebaseFirestoreSwift in Frameworks */,
				8096E788D3F4B08D1EDDE789 /* Pods_andon.framework in Frameworks */,
			);
			runOnlyForDeploymentPostprocessing = 0;
		};
/* End PBXFrameworksBuildPhase section */

/* Begin PBXGroup section */
		56B44D6E2C2D4DE300D8651B = {
			isa = PBXGroup;
			children = (
				56B44D792C2D4DE300D8651B /* andon */,
				56B44D782C2D4DE300D8651B /* Products */,
				56B44DCE2C2EA5BB00D8651B /* Frameworks */,
				E3E031F9AB3952C552963E22 /* Pods */,
			);
			sourceTree = "<group>";
		};
		56B44D782C2D4DE300D8651B /* Products */ = {
			isa = PBXGroup;
			children = (
				56B44D772C2D4DE300D8651B /* andon.app */,
			);
			name = Products;
			sourceTree = "<group>";
		};
		56B44D792C2D4DE300D8651B /* andon */ = {
			isa = PBXGroup;
			children = (
				56B44D8E2C2D691000D8651B /* App */,
				56B44DBF2C2E9CF300D8651B /* Common */,
				56B44D902C2D719000D8651B /* Modules */,
				56B44D8F2C2D694500D8651B /* Resources */,
			);
			path = andon;
			sourceTree = "<group>";
		};
		56B44D8E2C2D691000D8651B /* App */ = {
			isa = PBXGroup;
			children = (
				56B44D7A2C2D4DE300D8651B /* AppDelegate.swift */,
				56B44D7C2C2D4DE300D8651B /* SceneDelegate.swift */,
			);
			path = App;
			sourceTree = "<group>";
		};
		56B44D8F2C2D694500D8651B /* Resources */ = {
			isa = PBXGroup;
			children = (
				56B44D832C2D4DE500D8651B /* Assets.xcassets */,
				56B44D852C2D4DE500D8651B /* LaunchScreen.storyboard */,
				56B44D882C2D4DE500D8651B /* Info.plist */,
				56B44DE32C2EBDB000D8651B /* GoogleService-Info.plist */,
			);
			path = Resources;
			sourceTree = "<group>";
		};
		56B44D902C2D719000D8651B /* Modules */ = {
			isa = PBXGroup;
			children = (
				56B44D982C2D73BC00D8651B /* SplashView */,
				56B44D932C2D71E300D8651B /* MainTabbar */,
			);
			path = Modules;
			sourceTree = "<group>";
		};
		56B44D932C2D71E300D8651B /* MainTabbar */ = {
			isa = PBXGroup;
			children = (
				56B44D942C2D71F200D8651B /* MainTabbarView.swift */,
				56B44D962C2D723100D8651B /* MainTabbarView.storyboard */,
				56B44DBB2C2E9CCF00D8651B /* MainTabbarRouter.swift */,
				56B44DBD2C2E9CE000D8651B /* MainTabbarPresenter.swift */,
				56B44DC72C2E9DC500D8651B /* MainTabbarInteractor.swift */,
			);
			path = MainTabbar;
			sourceTree = "<group>";
		};
		56B44D982C2D73BC00D8651B /* SplashView */ = {
			isa = PBXGroup;
			children = (
				56B44DB72C2E93F200D8651B /* SplashView.swift */,
				56B44DB82C2E93F200D8651B /* SplashView.xib */,
			);
			path = SplashView;
			sourceTree = "<group>";
		};
		56B44DBF2C2E9CF300D8651B /* Common */ = {
			isa = PBXGroup;
			children = (
				56B44DC02C2E9CFF00D8651B /* BaseModules */,
			);
			path = Common;
			sourceTree = "<group>";
		};
		56B44DC02C2E9CFF00D8651B /* BaseModules */ = {
			isa = PBXGroup;
			children = (
				56B44DC12C2E9D0B00D8651B /* BasePresenter.swift */,
				56B44DC32C2E9D1B00D8651B /* BaseRouter.swift */,
				56B44DC52C2E9D2800D8651B /* BaseViewController.swift */,
				56B44DC92C2E9DD400D8651B /* BaseInteractor.swift */,
			);
			path = BaseModules;
			sourceTree = "<group>";
		};
		56B44DCE2C2EA5BB00D8651B /* Frameworks */ = {
			isa = PBXGroup;
			children = (
				B5EDBE4BE539BFE56B3BD66F /* Pods_andon.framework */,
			);
			name = Frameworks;
			sourceTree = "<group>";
		};
		E3E031F9AB3952C552963E22 /* Pods */ = {
			isa = PBXGroup;
			children = (
				41041F4410F739033121446F /* Pods-andon.debug.xcconfig */,
				67483F5C925035056490B57E /* Pods-andon.release.xcconfig */,
			);
			path = Pods;
			sourceTree = "<group>";
		};
/* End PBXGroup section */

/* Begin PBXNativeTarget section */
		56B44D762C2D4DE300D8651B /* andon */ = {
			isa = PBXNativeTarget;
			buildConfigurationList = 56B44D8B2C2D4DE500D8651B /* Build configuration list for PBXNativeTarget "andon" */;
			buildPhases = (
				42F3B1C2F74854EB70E34E88 /* [CP] Check Pods Manifest.lock */,
				56B44D732C2D4DE300D8651B /* Sources */,
				56B44D742C2D4DE300D8651B /* Frameworks */,
				56B44D752C2D4DE300D8651B /* Resources */,
				71D461A35EB9623A1052C57C /* [CP] Embed Pods Frameworks */,
			);
			buildRules = (
			);
			dependencies = (
			);
			name = andon;
			packageProductDependencies = (
				56B44DCF2C2EA5BB00D8651B /* FirebaseAuth */,
				56B44DD12C2EA5E500D8651B /* FirebaseStorage */,
				56B44DD32C2EA5ED00D8651B /* FirebaseFirestore */,
				56B44DD52C2EA5F300D8651B /* FirebaseFirestoreSwift */,
			);
			productName = andon;
			productReference = 56B44D772C2D4DE300D8651B /* andon.app */;
			productType = "com.apple.product-type.application";
		};
/* End PBXNativeTarget section */

/* Begin PBXProject section */
		56B44D6F2C2D4DE300D8651B /* Project object */ = {
			isa = PBXProject;
			attributes = {
				BuildIndependentTargetsInParallel = 1;
				LastSwiftUpdateCheck = 1540;
				LastUpgradeCheck = 1540;
				TargetAttributes = {
					56B44D762C2D4DE300D8651B = {
						CreatedOnToolsVersion = 15.4;
					};
				};
			};
			buildConfigurationList = 56B44D722C2D4DE300D8651B /* Build configuration list for PBXProject "andon" */;
			compatibilityVersion = "Xcode 14.0";
			developmentRegion = en;
			hasScannedForEncodings = 0;
			knownRegions = (
				en,
				Base,
			);
			mainGroup = 56B44D6E2C2D4DE300D8651B;
			packageReferences = (
				56B44DCD2C2EA42000D8651B /* XCRemoteSwiftPackageReference "firebase-ios-sdk" */,
			);
			productRefGroup = 56B44D782C2D4DE300D8651B /* Products */;
			projectDirPath = "";
			projectRoot = "";
			targets = (
				56B44D762C2D4DE300D8651B /* andon */,
			);
		};
/* End PBXProject section */

/* Begin PBXResourcesBuildPhase section */
		56B44D752C2D4DE300D8651B /* Resources */ = {
			isa = PBXResourcesBuildPhase;
			buildActionMask = 2147483647;
			files = (
				56B44D972C2D723100D8651B /* MainTabbarView.storyboard in Resources */,
				56B44DB92C2E93F200D8651B /* SplashView.xib in Resources */,
				56B44D842C2D4DE500D8651B /* Assets.xcassets in Resources */,
				56B44D872C2D4DE500D8651B /* Base in Resources */,
				56B44DE42C2EBDB000D8651B /* GoogleService-Info.plist in Resources */,
			);
			runOnlyForDeploymentPostprocessing = 0;
		};
/* End PBXResourcesBuildPhase section */

/* Begin PBXShellScriptBuildPhase section */
		42F3B1C2F74854EB70E34E88 /* [CP] Check Pods Manifest.lock */ = {
			isa = PBXShellScriptBuildPhase;
			buildActionMask = 2147483647;
			files = (
			);
			inputFileListPaths = (
			);
			inputPaths = (
				"${PODS_PODFILE_DIR_PATH}/Podfile.lock",
				"${PODS_ROOT}/Manifest.lock",
			);
			name = "[CP] Check Pods Manifest.lock";
			outputFileListPaths = (
			);
			outputPaths = (
				"$(DERIVED_FILE_DIR)/Pods-andon-checkManifestLockResult.txt",
			);
			runOnlyForDeploymentPostprocessing = 0;
			shellPath = /bin/sh;
			shellScript = "diff \"${PODS_PODFILE_DIR_PATH}/Podfile.lock\" \"${PODS_ROOT}/Manifest.lock\" > /dev/null\nif [ $? != 0 ] ; then\n    # print error to STDERR\n    echo \"error: The sandbox is not in sync with the Podfile.lock. Run 'pod install' or update your CocoaPods installation.\" >&2\n    exit 1\nfi\n# This output is used by Xcode 'outputs' to avoid re-running this script phase.\necho \"SUCCESS\" > \"${SCRIPT_OUTPUT_FILE_0}\"\n";
			showEnvVarsInLog = 0;
		};
		71D461A35EB9623A1052C57C /* [CP] Embed Pods Frameworks */ = {
			isa = PBXShellScriptBuildPhase;
			buildActionMask = 2147483647;
			files = (
			);
			inputFileListPaths = (
				"${PODS_ROOT}/Target Support Files/Pods-andon/Pods-andon-frameworks-${CONFIGURATION}-input-files.xcfilelist",
			);
			name = "[CP] Embed Pods Frameworks";
			outputFileListPaths = (
				"${PODS_ROOT}/Target Support Files/Pods-andon/Pods-andon-frameworks-${CONFIGURATION}-output-files.xcfilelist",
			);
			runOnlyForDeploymentPostprocessing = 0;
			shellPath = /bin/sh;
			shellScript = "\"${PODS_ROOT}/Target Support Files/Pods-andon/Pods-andon-frameworks.sh\"\n";
			showEnvVarsInLog = 0;
		};
/* End PBXShellScriptBuildPhase section */

/* Begin PBXSourcesBuildPhase section */
		56B44D732C2D4DE300D8651B /* Sources */ = {
			isa = PBXSourcesBuildPhase;
			buildActionMask = 2147483647;
			files = (
				56B44DC82C2E9DC500D8651B /* MainTabbarInteractor.swift in Sources */,
				56B44DC42C2E9D1B00D8651B /* BaseRouter.swift in Sources */,
				56B44DC22C2E9D0B00D8651B /* BasePresenter.swift in Sources */,
				56B44D7B2C2D4DE300D8651B /* AppDelegate.swift in Sources */,
				56B44DCA2C2E9DD400D8651B /* BaseInteractor.swift in Sources */,
				56B44DBE2C2E9CE000D8651B /* MainTabbarPresenter.swift in Sources */,
				56B44DC62C2E9D2800D8651B /* BaseViewController.swift in Sources */,
				56B44DBA2C2E93F200D8651B /* SplashView.swift in Sources */,
				56B44D7D2C2D4DE300D8651B /* SceneDelegate.swift in Sources */,
				56B44D952C2D71F200D8651B /* MainTabbarView.swift in Sources */,
				56B44DBC2C2E9CCF00D8651B /* MainTabbarRouter.swift in Sources */,
			);
			runOnlyForDeploymentPostprocessing = 0;
		};
/* End PBXSourcesBuildPhase section */

/* Begin PBXVariantGroup section */
		56B44D852C2D4DE500D8651B /* LaunchScreen.storyboard */ = {
			isa = PBXVariantGroup;
			children = (
				56B44D862C2D4DE500D8651B /* Base */,
			);
			name = LaunchScreen.storyboard;
			sourceTree = "<group>";
		};
/* End PBXVariantGroup section */

/* Begin XCBuildConfiguration section */
		56B44D892C2D4DE500D8651B /* Debug */ = {
			isa = XCBuildConfiguration;
			buildSettings = {
				ALWAYS_SEARCH_USER_PATHS = NO;
				ASSETCATALOG_COMPILER_GENERATE_SWIFT_ASSET_SYMBOL_EXTENSIONS = YES;
				CLANG_ANALYZER_NONNULL = YES;
				CLANG_ANALYZER_NUMBER_OBJECT_CONVERSION = YES_AGGRESSIVE;
				CLANG_CXX_LANGUAGE_STANDARD = "gnu++20";
				CLANG_ENABLE_MODULES = YES;
				CLANG_ENABLE_OBJC_ARC = YES;
				CLANG_ENABLE_OBJC_WEAK = YES;
				CLANG_WARN_BLOCK_CAPTURE_AUTORELEASING = YES;
				CLANG_WARN_BOOL_CONVERSION = YES;
				CLANG_WARN_COMMA = YES;
				CLANG_WARN_CONSTANT_CONVERSION = YES;
				CLANG_WARN_DEPRECATED_OBJC_IMPLEMENTATIONS = YES;
				CLANG_WARN_DIRECT_OBJC_ISA_USAGE = YES_ERROR;
				CLANG_WARN_DOCUMENTATION_COMMENTS = YES;
				CLANG_WARN_EMPTY_BODY = YES;
				CLANG_WARN_ENUM_CONVERSION = YES;
				CLANG_WARN_INFINITE_RECURSION = YES;
				CLANG_WARN_INT_CONVERSION = YES;
				CLANG_WARN_NON_LITERAL_NULL_CONVERSION = YES;
				CLANG_WARN_OBJC_IMPLICIT_RETAIN_SELF = YES;
				CLANG_WARN_OBJC_LITERAL_CONVERSION = YES;
				CLANG_WARN_OBJC_ROOT_CLASS = YES_ERROR;
				CLANG_WARN_QUOTED_INCLUDE_IN_FRAMEWORK_HEADER = YES;
				CLANG_WARN_RANGE_LOOP_ANALYSIS = YES;
				CLANG_WARN_STRICT_PROTOTYPES = YES;
				CLANG_WARN_SUSPICIOUS_MOVE = YES;
				CLANG_WARN_UNGUARDED_AVAILABILITY = YES_AGGRESSIVE;
				CLANG_WARN_UNREACHABLE_CODE = YES;
				CLANG_WARN__DUPLICATE_METHOD_MATCH = YES;
				COPY_PHASE_STRIP = NO;
				DEBUG_INFORMATION_FORMAT = dwarf;
				ENABLE_STRICT_OBJC_MSGSEND = YES;
				ENABLE_TESTABILITY = YES;
				ENABLE_USER_SCRIPT_SANDBOXING = YES;
				GCC_C_LANGUAGE_STANDARD = gnu17;
				GCC_DYNAMIC_NO_PIC = NO;
				GCC_NO_COMMON_BLOCKS = YES;
				GCC_OPTIMIZATION_LEVEL = 0;
				GCC_PREPROCESSOR_DEFINITIONS = (
					"DEBUG=1",
					"$(inherited)",
				);
				GCC_WARN_64_TO_32_BIT_CONVERSION = YES;
				GCC_WARN_ABOUT_RETURN_TYPE = YES_ERROR;
				GCC_WARN_UNDECLARED_SELECTOR = YES;
				GCC_WARN_UNINITIALIZED_AUTOS = YES_AGGRESSIVE;
				GCC_WARN_UNUSED_FUNCTION = YES;
				GCC_WARN_UNUSED_VARIABLE = YES;
				IPHONEOS_DEPLOYMENT_TARGET = 17.5;
				LOCALIZATION_PREFERS_STRING_CATALOGS = YES;
				MTL_ENABLE_DEBUG_INFO = INCLUDE_SOURCE;
				MTL_FAST_MATH = YES;
				ONLY_ACTIVE_ARCH = YES;
				SDKROOT = iphoneos;
				SWIFT_ACTIVE_COMPILATION_CONDITIONS = "DEBUG $(inherited)";
				SWIFT_OPTIMIZATION_LEVEL = "-Onone";
			};
			name = Debug;
		};
		56B44D8A2C2D4DE500D8651B /* Release */ = {
			isa = XCBuildConfiguration;
			buildSettings = {
				ALWAYS_SEARCH_USER_PATHS = NO;
				ASSETCATALOG_COMPILER_GENERATE_SWIFT_ASSET_SYMBOL_EXTENSIONS = YES;
				CLANG_ANALYZER_NONNULL = YES;
				CLANG_ANALYZER_NUMBER_OBJECT_CONVERSION = YES_AGGRESSIVE;
				CLANG_CXX_LANGUAGE_STANDARD = "gnu++20";
				CLANG_ENABLE_MODULES = YES;
				CLANG_ENABLE_OBJC_ARC = YES;
				CLANG_ENABLE_OBJC_WEAK = YES;
				CLANG_WARN_BLOCK_CAPTURE_AUTORELEASING = YES;
				CLANG_WARN_BOOL_CONVERSION = YES;
				CLANG_WARN_COMMA = YES;
				CLANG_WARN_CONSTANT_CONVERSION = YES;
				CLANG_WARN_DEPRECATED_OBJC_IMPLEMENTATIONS = YES;
				CLANG_WARN_DIRECT_OBJC_ISA_USAGE = YES_ERROR;
				CLANG_WARN_DOCUMENTATION_COMMENTS = YES;
				CLANG_WARN_EMPTY_BODY = YES;
				CLANG_WARN_ENUM_CONVERSION = YES;
				CLANG_WARN_INFINITE_RECURSION = YES;
				CLANG_WARN_INT_CONVERSION = YES;
				CLANG_WARN_NON_LITERAL_NULL_CONVERSION = YES;
				CLANG_WARN_OBJC_IMPLICIT_RETAIN_SELF = YES;
				CLANG_WARN_OBJC_LITERAL_CONVERSION = YES;
				CLANG_WARN_OBJC_ROOT_CLASS = YES_ERROR;
				CLANG_WARN_QUOTED_INCLUDE_IN_FRAMEWORK_HEADER = YES;
				CLANG_WARN_RANGE_LOOP_ANALYSIS = YES;
				CLANG_WARN_STRICT_PROTOTYPES = YES;
				CLANG_WARN_SUSPICIOUS_MOVE = YES;
				CLANG_WARN_UNGUARDED_AVAILABILITY = YES_AGGRESSIVE;
				CLANG_WARN_UNREACHABLE_CODE = YES;
				CLANG_WARN__DUPLICATE_METHOD_MATCH = YES;
				COPY_PHASE_STRIP = NO;
				DEBUG_INFORMATION_FORMAT = "dwarf-with-dsym";
				ENABLE_NS_ASSERTIONS = NO;
				ENABLE_STRICT_OBJC_MSGSEND = YES;
				ENABLE_USER_SCRIPT_SANDBOXING = YES;
				GCC_C_LANGUAGE_STANDARD = gnu17;
				GCC_NO_COMMON_BLOCKS = YES;
				GCC_WARN_64_TO_32_BIT_CONVERSION = YES;
				GCC_WARN_ABOUT_RETURN_TYPE = YES_ERROR;
				GCC_WARN_UNDECLARED_SELECTOR = YES;
				GCC_WARN_UNINITIALIZED_AUTOS = YES_AGGRESSIVE;
				GCC_WARN_UNUSED_FUNCTION = YES;
				GCC_WARN_UNUSED_VARIABLE = YES;
				IPHONEOS_DEPLOYMENT_TARGET = 17.5;
				LOCALIZATION_PREFERS_STRING_CATALOGS = YES;
				MTL_ENABLE_DEBUG_INFO = NO;
				MTL_FAST_MATH = YES;
				SDKROOT = iphoneos;
				SWIFT_COMPILATION_MODE = wholemodule;
				VALIDATE_PRODUCT = YES;
			};
			name = Release;
		};
		56B44D8C2C2D4DE500D8651B /* Debug */ = {
			isa = XCBuildConfiguration;
			baseConfigurationReference = 41041F4410F739033121446F /* Pods-andon.debug.xcconfig */;
			buildSettings = {
				ASSETCATALOG_COMPILER_APPICON_NAME = AppIcon;
				ASSETCATALOG_COMPILER_GLOBAL_ACCENT_COLOR_NAME = AccentColor;
				CODE_SIGN_STYLE = Automatic;
				CURRENT_PROJECT_VERSION = 1;
				DEVELOPMENT_TEAM = KFD27J2TGQ;
				ENABLE_USER_SCRIPT_SANDBOXING = NO;
				GENERATE_INFOPLIST_FILE = YES;
				INFOPLIST_FILE = andon/Resources/Info.plist;
				INFOPLIST_KEY_UIApplicationSupportsIndirectInputEvents = YES;
				INFOPLIST_KEY_UILaunchStoryboardName = LaunchScreen;
				INFOPLIST_KEY_UISupportedInterfaceOrientations_iPad = "UIInterfaceOrientationPortrait UIInterfaceOrientationPortraitUpsideDown UIInterfaceOrientationLandscapeLeft UIInterfaceOrientationLandscapeRight";
				INFOPLIST_KEY_UISupportedInterfaceOrientations_iPhone = "UIInterfaceOrientationPortrait UIInterfaceOrientationLandscapeLeft UIInterfaceOrientationLandscapeRight";
				LD_RUNPATH_SEARCH_PATHS = (
					"$(inherited)",
					"@executable_path/Frameworks",
				);
				MARKETING_VERSION = 1.0.0;
				PRODUCT_BUNDLE_IDENTIFIER = com.rsilitonga112.andon;
				PRODUCT_NAME = "$(TARGET_NAME)";
				SWIFT_EMIT_LOC_STRINGS = YES;
				SWIFT_VERSION = 5.0;
				TARGETED_DEVICE_FAMILY = "1,2";
			};
			name = Debug;
		};
		56B44D8D2C2D4DE500D8651B /* Release */ = {
			isa = XCBuildConfiguration;
			baseConfigurationReference = 67483F5C925035056490B57E /* Pods-andon.release.xcconfig */;
			buildSettings = {
				ASSETCATALOG_COMPILER_APPICON_NAME = AppIcon;
				ASSETCATALOG_COMPILER_GLOBAL_ACCENT_COLOR_NAME = AccentColor;
				CODE_SIGN_STYLE = Automatic;
				CURRENT_PROJECT_VERSION = 1;
				DEVELOPMENT_TEAM = KFD27J2TGQ;
				ENABLE_USER_SCRIPT_SANDBOXING = NO;
				GENERATE_INFOPLIST_FILE = YES;
				INFOPLIST_FILE = andon/Resources/Info.plist;
				INFOPLIST_KEY_UIApplicationSupportsIndirectInputEvents = YES;
				INFOPLIST_KEY_UILaunchStoryboardName = LaunchScreen;
				INFOPLIST_KEY_UISupportedInterfaceOrientations_iPad = "UIInterfaceOrientationPortrait UIInterfaceOrientationPortraitUpsideDown UIInterfaceOrientationLandscapeLeft UIInterfaceOrientationLandscapeRight";
				INFOPLIST_KEY_UISupportedInterfaceOrientations_iPhone = "UIInterfaceOrientationPortrait UIInterfaceOrientationLandscapeLeft UIInterfaceOrientationLandscapeRight";
				LD_RUNPATH_SEARCH_PATHS = (
					"$(inherited)",
					"@executable_path/Frameworks",
				);
				MARKETING_VERSION = 1.0.0;
				PRODUCT_BUNDLE_IDENTIFIER = com.rsilitonga112.andon;
				PRODUCT_NAME = "$(TARGET_NAME)";
				SWIFT_EMIT_LOC_STRINGS = YES;
				SWIFT_VERSION = 5.0;
				TARGETED_DEVICE_FAMILY = "1,2";
			};
			name = Release;
		};
/* End XCBuildConfiguration section */

/* Begin XCConfigurationList section */
		56B44D722C2D4DE300D8651B /* Build configuration list for PBXProject "andon" */ = {
			isa = XCConfigurationList;
			buildConfigurations = (
				56B44D892C2D4DE500D8651B /* Debug */,
				56B44D8A2C2D4DE500D8651B /* Release */,
			);
			defaultConfigurationIsVisible = 0;
			defaultConfigurationName = Release;
		};
		56B44D8B2C2D4DE500D8651B /* Build configuration list for PBXNativeTarget "andon" */ = {
			isa = XCConfigurationList;
			buildConfigurations = (
				56B44D8C2C2D4DE500D8651B /* Debug */,
				56B44D8D2C2D4DE500D8651B /* Release */,
			);
			defaultConfigurationIsVisible = 0;
			defaultConfigurationName = Release;
		};
/* End XCConfigurationList section */

/* Begin XCRemoteSwiftPackageReference section */
		56B44DCD2C2EA42000D8651B /* XCRemoteSwiftPackageReference "firebase-ios-sdk" */ = {
			isa = XCRemoteSwiftPackageReference;
			repositoryURL = "https://github.com/firebase/firebase-ios-sdk.git";
			requirement = {
				kind = upToNextMajorVersion;
				minimumVersion = 10.28.1;
			};
		};
/* End XCRemoteSwiftPackageReference section */

/* Begin XCSwiftPackageProductDependency section */
		56B44DCF2C2EA5BB00D8651B /* FirebaseAuth */ = {
			isa = XCSwiftPackageProductDependency;
			package = 56B44DCD2C2EA42000D8651B /* XCRemoteSwiftPackageReference "firebase-ios-sdk" */;
			productName = FirebaseAuth;
		};
		56B44DD12C2EA5E500D8651B /* FirebaseStorage */ = {
			isa = XCSwiftPackageProductDependency;
			package = 56B44DCD2C2EA42000D8651B /* XCRemoteSwiftPackageReference "firebase-ios-sdk" */;
			productName = FirebaseStorage;
		};
		56B44DD32C2EA5ED00D8651B /* FirebaseFirestore */ = {
			isa = XCSwiftPackageProductDependency;
			package = 56B44DCD2C2EA42000D8651B /* XCRemoteSwiftPackageReference "firebase-ios-sdk" */;
			productName = FirebaseFirestore;
		};
		56B44DD52C2EA5F300D8651B /* FirebaseFirestoreSwift */ = {
			isa = XCSwiftPackageProductDependency;
			package = 56B44DCD2C2EA42000D8651B /* XCRemoteSwiftPackageReference "firebase-ios-sdk" */;
			productName = FirebaseFirestoreSwift;
		};
/* End XCSwiftPackageProductDependency section */
	};
	rootObject = 56B44D6F2C2D4DE300D8651B /* Project object */;
}
